{
  "nodes": {
    "fanpaket": {
      "flake": false,
      "locked": {
        "narHash": "sha256-c9NFVjieay3vU8OeDw3GgAsXRvk8C+MTyvwdPQit+IE=",
        "type": "file",
        "url": "https://www.ulisses-spiele.de/assets/download/dasschwarze_auge_fanpaket.zip"
      },
      "original": {
        "type": "file",
        "url": "https://www.ulisses-spiele.de/assets/download/dasschwarze_auge_fanpaket.zip"
      }
    },
    "nix-filter": {
      "locked": {
        "lastModified": 1653590866,
        "narHash": "sha256-E4yKIrt/S//WfW5D9IhQ1dVuaAy8RE7EiCMfnbrOC78=",
        "owner": "numtide",
        "repo": "nix-filter",
        "rev": "3e81a637cdf9f6e9b39aeb4d6e6394d1ad158e16",
        "type": "github"
      },
      "original": {
        "owner": "numtide",
        "repo": "nix-filter",
        "type": "github"
      }
    },
    "nixpkgs": {
      "locked": {
        "lastModified": 1764020296,
        "narHash": "sha256-6zddwDs2n+n01l+1TG6PlyokDdXzu/oBmEejcH5L5+A=",
        "owner": "NixOS",
        "repo": "nixpkgs",
        "rev": "a320ce8e6e2cc6b4397eef214d202a50a4583829",
        "type": "github"
      },
      "original": {
        "owner": "NixOS",
        "ref": "nixos-25.11",
        "repo": "nixpkgs",
        "type": "github"
      }
    },
    "root": {
      "inputs": {
        "fanpaket": "fanpaket",
        "nix-filter": "nix-filter",
        "nixpkgs": "nixpkgs",
        "utils": "utils",
        "wds-handouts": "wds-handouts"
      }
    },
    "utils": {
      "locked": {
        "lastModified": 1652776076,
        "narHash": "sha256-gzTw/v1vj4dOVbpBSJX4J0DwUR6LIyXo7/SuuTJp1kM=",
        "owner": "numtide",
        "repo": "flake-utils",
        "rev": "04c1b180862888302ddfb2e3ad9eaa63afc60cf8",
        "type": "github"
      },
      "original": {
        "owner": "numtide",
        "repo": "flake-utils",
        "type": "github"
      }
    },
    "wds-handouts": {
      "flake": false,
      "locked": {
        "narHash": "sha256-nGj6We9aW10i/r0Zz4NSuq1MO0QuvfoFLDDIsO5rZ70=",
        "type": "file",
        "url": "https://ulisses-spiele.de/wp-content/uploads/2025/11/DSA4-Kampfprotokoll-und-Initiativeuebersicht.pdf"
      },
      "original": {
        "type": "file",
        "url": "https://ulisses-spiele.de/wp-content/uploads/2025/11/DSA4-Kampfprotokoll-und-Initiativeuebersicht.pdf"
      }
    }
  },
  "root": "root",
  "version": 7
}
